<Solution>
  <Configurations>
    <Platform Name="Any CPU" />
    <Platform Name="x64" />
    <Platform Name="x86" />
  </Configurations>
  <Folder Name="/src/">
    <Project Path="src/DevantlerTech.K9sCLI/DevantlerTech.K9sCLI.csproj" />
  </Folder>
  <Folder Name="/tests/">
    <Project Path="tests/DevantlerTech.K9sCLI.Tests/DevantlerTech.K9sCLI.Tests.csproj" />
  </Folder>
</Solution>
